
Microsoft Visual Studio Solution File, Format Version 12.00
# Visual Studio Version 17
VisualStudioVersion = 17.0.31903.59
MinimumVisualStudioVersion = 10.0.40219.1
Project("{FAE04EC0-301F-11D3-BF4B-00C04F79EFBC}") = "Clerk.Net", "src\Clerk.Net\Clerk.Net.csproj", "{3C0FDA22-B491-4E1B-97B2-BDB4AADB34C8}"
EndProject
Project("{FAE04EC0-301F-11D3-BF4B-00C04F79EFBC}") = "Clerk.Net.DependencyInjection", "src\Clerk.Net.DependencyInjection\Clerk.Net.DependencyInjection.csproj", "{C336875D-3EAE-4027-844A-2530289936CE}"
EndProject
Project("{9A19103F-16F7-4668-BE54-9A1E7A4F7556}") = "_build", "build\_build.csproj", "{734E99CC-83A7-494A-B5D2-DF78D478B44B}"
EndProject
Project("{2150E333-8FDC-42A3-9474-1A3956D46DE8}") = "Solution Items", "Solution Items", "{E171A3C1-9092-47AF-B0CB-100BA308E8C5}"
	ProjectSection(SolutionItems) = preProject
		Package.Build.props = Package.Build.props
		README.md = README.md
	EndProjectSection
EndProject
Project("{FAE04EC0-301F-11D3-BF4B-00C04F79EFBC}") = "Clerk.Net.Tests", "src\Clerk.Net.Tests\Clerk.Net.Tests.csproj", "{3A66E5D1-828E-4B91-94E8-B2D23ED5CA46}"
EndProject
Project("{FAE04EC0-301F-11D3-BF4B-00C04F79EFBC}") = "Clerk.Net.AspNetCore.Sample", "src\Clerk.Net.AspNetCore.Sample\Clerk.Net.AspNetCore.Sample.csproj", "{BFC0FE66-1443-45A0-96EA-1545A2E3725E}"
EndProject
Project("{FAE04EC0-301F-11D3-BF4B-00C04F79EFBC}") = "Clerk.Net.AspNetCore.Security", "src\Clerk.Net.AspNetCore.Security\Clerk.Net.AspNetCore.Security.csproj", "{A8D4C7F1-713B-440E-920D-5DFD5F0E2032}"
EndProject
Project("{FAE04EC0-301F-11D3-BF4B-00C04F79EFBC}") = "Clerk.Net.AspNetCore.Tests", "src\Clerk.Net.AspNetCore.Tests\Clerk.Net.AspNetCore.Tests.csproj", "{6F2F26C3-5A83-4B06-A9C2-B5A966AA5E83}"
EndProject
Global
	GlobalSection(SolutionConfigurationPlatforms) = preSolution
		Debug|Any CPU = Debug|Any CPU
		Release|Any CPU = Release|Any CPU
	EndGlobalSection
	GlobalSection(SolutionProperties) = preSolution
		HideSolutionNode = FALSE
	EndGlobalSection
	GlobalSection(ProjectConfigurationPlatforms) = postSolution
		{734E99CC-83A7-494A-B5D2-DF78D478B44B}.Debug|Any CPU.ActiveCfg = Debug|Any CPU
		{734E99CC-83A7-494A-B5D2-DF78D478B44B}.Release|Any CPU.ActiveCfg = Release|Any CPU
		{3C0FDA22-B491-4E1B-97B2-BDB4AADB34C8}.Debug|Any CPU.ActiveCfg = Debug|Any CPU
		{3C0FDA22-B491-4E1B-97B2-BDB4AADB34C8}.Debug|Any CPU.Build.0 = Debug|Any CPU
		{3C0FDA22-B491-4E1B-97B2-BDB4AADB34C8}.Release|Any CPU.ActiveCfg = Release|Any CPU
		{3C0FDA22-B491-4E1B-97B2-BDB4AADB34C8}.Release|Any CPU.Build.0 = Release|Any CPU
		{C336875D-3EAE-4027-844A-2530289936CE}.Debug|Any CPU.ActiveCfg = Debug|Any CPU
		{C336875D-3EAE-4027-844A-2530289936CE}.Debug|Any CPU.Build.0 = Debug|Any CPU
		{C336875D-3EAE-4027-844A-2530289936CE}.Release|Any CPU.ActiveCfg = Release|Any CPU
		{C336875D-3EAE-4027-844A-2530289936CE}.Release|Any CPU.Build.0 = Release|Any CPU
		{3A66E5D1-828E-4B91-94E8-B2D23ED5CA46}.Debug|Any CPU.ActiveCfg = Debug|Any CPU
		{3A66E5D1-828E-4B91-94E8-B2D23ED5CA46}.Debug|Any CPU.Build.0 = Debug|Any CPU
		{3A66E5D1-828E-4B91-94E8-B2D23ED5CA46}.Release|Any CPU.ActiveCfg = Release|Any CPU
		{3A66E5D1-828E-4B91-94E8-B2D23ED5CA46}.Release|Any CPU.Build.0 = Release|Any CPU
		{BFC0FE66-1443-45A0-96EA-1545A2E3725E}.Debug|Any CPU.ActiveCfg = Debug|Any CPU
		{BFC0FE66-1443-45A0-96EA-1545A2E3725E}.Debug|Any CPU.Build.0 = Debug|Any CPU
		{BFC0FE66-1443-45A0-96EA-1545A2E3725E}.Release|Any CPU.ActiveCfg = Release|Any CPU
		{BFC0FE66-1443-45A0-96EA-1545A2E3725E}.Release|Any CPU.Build.0 = Release|Any CPU
		{A8D4C7F1-713B-440E-920D-5DFD5F0E2032}.Debug|Any CPU.ActiveCfg = Debug|Any CPU
		{A8D4C7F1-713B-440E-920D-5DFD5F0E2032}.Debug|Any CPU.Build.0 = Debug|Any CPU
		{A8D4C7F1-713B-440E-920D-5DFD5F0E2032}.Release|Any CPU.ActiveCfg = Release|Any CPU
		{A8D4C7F1-713B-440E-920D-5DFD5F0E2032}.Release|Any CPU.Build.0 = Release|Any CPU
		{6F2F26C3-5A83-4B06-A9C2-B5A966AA5E83}.Debug|Any CPU.ActiveCfg = Debug|Any CPU
		{6F2F26C3-5A83-4B06-A9C2-B5A966AA5E83}.Debug|Any CPU.Build.0 = Debug|Any CPU
		{6F2F26C3-5A83-4B06-A9C2-B5A966AA5E83}.Release|Any CPU.ActiveCfg = Release|Any CPU
		{6F2F26C3-5A83-4B06-A9C2-B5A966AA5E83}.Release|Any CPU.Build.0 = Release|Any CPU
	EndGlobalSection
EndGlobal
